
Microsoft Visual Studio Solution File, Format Version 12.00
# Visual Studio 15
VisualStudioVersion = 15.0.27130.2027
MinimumVisualStudioVersion = 10.0.40219.1
Project("{FAE04EC0-301F-11D3-BF4B-00C04F79EFBC}") = "AppGit.Android", "AppGit\AppGit.Android\AppGit.Android.csproj", "{0E88E3FB-A313-464F-812D-B92EAE91385E}"
EndProject
Project("{FAE04EC0-301F-11D3-BF4B-00C04F79EFBC}") = "AppGit", "AppGit\AppGit\AppGit.csproj", "{CFEC537F-43FE-48F1-8BF7-BBB97ED9E8CD}"
EndProject
Global
	GlobalSection(SolutionConfigurationPlatforms) = preSolution
		Debug|Any CPU = Debug|Any CPU
		Release|Any CPU = Release|Any CPU
	EndGlobalSection
	GlobalSection(ProjectConfigurationPlatforms) = postSolution
		{0E88E3FB-A313-464F-812D-B92EAE91385E}.Debug|Any CPU.ActiveCfg = Debug|Any CPU
		{0E88E3FB-A313-464F-812D-B92EAE91385E}.Debug|Any CPU.Build.0 = Debug|Any CPU
		{0E88E3FB-A313-464F-812D-B92EAE91385E}.Debug|Any CPU.Deploy.0 = Debug|Any CPU
		{0E88E3FB-A313-464F-812D-B92EAE91385E}.Release|Any CPU.ActiveCfg = Release|Any CPU
		{0E88E3FB-A313-464F-812D-B92EAE91385E}.Release|Any CPU.Build.0 = Release|Any CPU
		{0E88E3FB-A313-464F-812D-B92EAE91385E}.Release|Any CPU.Deploy.0 = Release|Any CPU
		{CFEC537F-43FE-48F1-8BF7-BBB97ED9E8CD}.Debug|Any CPU.ActiveCfg = Debug|Any CPU
		{CFEC537F-43FE-48F1-8BF7-BBB97ED9E8CD}.Debug|Any CPU.Build.0 = Debug|Any CPU
		{CFEC537F-43FE-48F1-8BF7-BBB97ED9E8CD}.Release|Any CPU.ActiveCfg = Release|Any CPU
		{CFEC537F-43FE-48F1-8BF7-BBB97ED9E8CD}.Release|Any CPU.Build.0 = Release|Any CPU
	EndGlobalSection
	GlobalSection(SolutionProperties) = preSolution
		HideSolutionNode = FALSE
	EndGlobalSection
	GlobalSection(ExtensibilityGlobals) = postSolution
		SolutionGuid = {CF6A84E9-4AFE-4DA8-B015-709BF2B8300B}
	EndGlobalSection
EndGlobal
